<Solution>
  <Project Path="InventarioTI.UI/InventarioTI.UI.csproj" Id="7cc0dbe1-d0ce-4081-a7b3-02cfe883789e" />
  <Project Path="InventarioTI.Application/InventarioTI.Application.csproj" />
  <Project Path="InventarioTI.Domain/InventarioTI.Domain.csproj" />
  <Project Path="InventarioTI.Infrastructure/InventarioTI.Infrastructure.csproj" />
  <Project Path="InventarioTI.Teste/InventarioTI.Teste.csproj" />
</Solution>
